{
  "nodes": {
    "gaokun3": {
      "inputs": {
        "nixpkgs": [
          "nixpkgs"
        ]
      },
      "locked": {
        "lastModified": 1788099969,
        "narHash": "sha256-d/hvpbyX3Y4vlCLaK8ZqJXGsMtPWnoZasjJrHtriYYk=",
        "owner": "bryarrow",
        "repo": "linux-gaokun-buildbot",
        "rev": "a64790ed43d83e93f977c05863b11a0671e21b20",
        "type": "github"
      },
      "original": {
        "owner": "bryarrow",
        "ref": "gaokun3-nix-debug",
        "repo": "linux-gaokun-buildbot",
        "type": "github"
      }
    },
    "nixpkgs": {
      "locked": {
        "lastModified": 1788039129,
        "narHash": "sha256-pa4Q0qErvCvzCaaUph7Sm37RhR4xvPrYI8Lgz6k85+A=",
        "owner": "NixOS",
        "repo": "nixpkgs",
        "rev": "d2f67949798825fe853f7c5d0492b8bf016d3f88",
        "type": "github"
      },
      "original": {
        "owner": "NixOS",
        "ref": "nixos-unstable",
        "repo": "nixpkgs",
        "type": "github"
      }
    },
    "nixpkgs-cuda12": {
      "locked": {
        "lastModified": 1785318670,
        "narHash": "sha256-dN6Ou5x/+23FZLEpYP3IffO+NyJFzUlGumt1uu3MMaY=",
        "owner": "NixOS",
        "repo": "nixpkgs",
        "rev": "0954f7ee2f6bb3dc7d4e3d0d8bcb8fd4bde4cfc5",
        "type": "github"
      },
      "original": {
        "owner": "NixOS",
        "repo": "nixpkgs",
        "rev": "0954f7ee2f6bb3dc7d4e3d0d8bcb8fd4bde4cfc5",
        "type": "github"
      }
    },
    "root": {
      "inputs": {
        "gaokun3": "gaokun3",
        "nixpkgs": "nixpkgs",
        "nixpkgs-cuda12": "nixpkgs-cuda12"
      }
    }
  },
  "root": "root",
  "version": 7
}
