{
  "nodes": {
    "gaokun3": {
      "inputs": {
        "nixpkgs": [
          "nixpkgs"
        ]
      },
      "locked": {
        "lastModified": 1787537457,
        "narHash": "sha256-I6Bf7kmh8qSfPa9wGhIZL/fkTSQh0ZY40e75+NdvzCI=",
        "owner": "bryarrow",
        "repo": "linux-gaokun-buildbot",
        "rev": "c4d85f846edb1341cd587494f697942f70985f49",
        "type": "github"
      },
      "original": {
        "owner": "bryarrow",
        "ref": "gaokun3-nix-debug",
        "repo": "linux-gaokun-buildbot",
        "type": "github"
      }
    },
    "nixpkgs": {
      "locked": {
        "lastModified": 1787360063,
        "narHash": "sha256-dt4WdcvsA8/RCe+VZZwqU0X+XMM3wBbGCWA0/sFWzGo=",
        "owner": "NixOS",
        "repo": "nixpkgs",
        "rev": "2c423e03bbafcff28bfadc6781a4a8257f205cb5",
        "type": "github"
      },
      "original": {
        "owner": "NixOS",
        "ref": "nixos-unstable",
        "repo": "nixpkgs",
        "type": "github"
      }
    },
    "nixpkgs-cuda12": {
      "locked": {
        "lastModified": 1785318670,
        "narHash": "sha256-dN6Ou5x/+23FZLEpYP3IffO+NyJFzUlGumt1uu3MMaY=",
        "owner": "NixOS",
        "repo": "nixpkgs",
        "rev": "0954f7ee2f6bb3dc7d4e3d0d8bcb8fd4bde4cfc5",
        "type": "github"
      },
      "original": {
        "owner": "NixOS",
        "repo": "nixpkgs",
        "rev": "0954f7ee2f6bb3dc7d4e3d0d8bcb8fd4bde4cfc5",
        "type": "github"
      }
    },
    "root": {
      "inputs": {
        "gaokun3": "gaokun3",
        "nixpkgs": "nixpkgs",
        "nixpkgs-cuda12": "nixpkgs-cuda12"
      }
    }
  },
  "root": "root",
  "version": 7
}
