{
  "nodes": {
    "gaokun3": {
      "inputs": {
        "nixpkgs": [
          "nixpkgs"
        ]
      },
      "locked": {
        "lastModified": 1787670066,
        "narHash": "sha256-/mp6p6fm1p5S5VWcbyjr/zn3HHeHwrrH4RAIZH/wISg=",
        "owner": "bryarrow",
        "repo": "linux-gaokun-buildbot",
        "rev": "1e693f0e53c15a5efd8eacad0e2c4502e278b27b",
        "type": "github"
      },
      "original": {
        "owner": "bryarrow",
        "ref": "gaokun3-nix-debug",
        "repo": "linux-gaokun-buildbot",
        "type": "github"
      }
    },
    "nixpkgs": {
      "locked": {
        "lastModified": 1787498568,
        "narHash": "sha256-9i/VTdusq/+NM/tz+J1Re+ojkMB8MBf0QshnYfzHz30=",
        "owner": "NixOS",
        "repo": "nixpkgs",
        "rev": "56c02bc00adcf003215cc4bd996d6efaf4cff188",
        "type": "github"
      },
      "original": {
        "owner": "NixOS",
        "ref": "nixos-unstable",
        "repo": "nixpkgs",
        "type": "github"
      }
    },
    "nixpkgs-cuda12": {
      "locked": {
        "lastModified": 1785318670,
        "narHash": "sha256-dN6Ou5x/+23FZLEpYP3IffO+NyJFzUlGumt1uu3MMaY=",
        "owner": "NixOS",
        "repo": "nixpkgs",
        "rev": "0954f7ee2f6bb3dc7d4e3d0d8bcb8fd4bde4cfc5",
        "type": "github"
      },
      "original": {
        "owner": "NixOS",
        "repo": "nixpkgs",
        "rev": "0954f7ee2f6bb3dc7d4e3d0d8bcb8fd4bde4cfc5",
        "type": "github"
      }
    },
    "root": {
      "inputs": {
        "gaokun3": "gaokun3",
        "nixpkgs": "nixpkgs",
        "nixpkgs-cuda12": "nixpkgs-cuda12"
      }
    }
  },
  "root": "root",
  "version": 7
}
